
Microsoft Visual Studio Solution File, Format Version 12.00
# Visual Studio 15
VisualStudioVersion = 15.0.26430.13
MinimumVisualStudioVersion = 10.0.40219.1
Project("{2150E333-8FDC-42A3-9474-1A3956D46DE8}") = "Structural", "Structural", "{66BF02FE-675E-48B3-B883-2C336D702744}"
EndProject
Project("{FAE04EC0-301F-11D3-BF4B-00C04F79EFBC}") = "AdapterPattern", "AdpaterPattern\AdapterPattern.csproj", "{CBB7984D-CC35-472C-8C79-2C02A1D4AA88}"
EndProject
Project("{2150E333-8FDC-42A3-9474-1A3956D46DE8}") = "Behavioral", "Behavioral", "{656D828B-F103-4834-9AB0-47C8F13208C8}"
EndProject
Project("{FAE04EC0-301F-11D3-BF4B-00C04F79EFBC}") = "ObserverPattern", "ObserverPattern\ObserverPattern.csproj", "{E48CEC5A-889D-416D-ABA5-BAA94FA07943}"
EndProject
Project("{2150E333-8FDC-42A3-9474-1A3956D46DE8}") = "Creational", "Creational", "{B1ACFA8D-3120-404B-B183-5D1327FDC98B}"
EndProject
Project("{FAE04EC0-301F-11D3-BF4B-00C04F79EFBC}") = "FacadePattern", "FacadePattern\FacadePattern.csproj", "{CBC93248-A36C-4A8A-AD26-BE1BE2D156F7}"
EndProject
Project("{FAE04EC0-301F-11D3-BF4B-00C04F79EFBC}") = "Singleton", "Singleton\Singleton.csproj", "{EA90B972-11FF-40AE-A1B7-C5D76A028B6B}"
EndProject
Global
	GlobalSection(SolutionConfigurationPlatforms) = preSolution
		Debug|Any CPU = Debug|Any CPU
		Release|Any CPU = Release|Any CPU
	EndGlobalSection
	GlobalSection(ProjectConfigurationPlatforms) = postSolution
		{CBB7984D-CC35-472C-8C79-2C02A1D4AA88}.Debug|Any CPU.ActiveCfg = Debug|Any CPU
		{CBB7984D-CC35-472C-8C79-2C02A1D4AA88}.Debug|Any CPU.Build.0 = Debug|Any CPU
		{CBB7984D-CC35-472C-8C79-2C02A1D4AA88}.Release|Any CPU.ActiveCfg = Release|Any CPU
		{CBB7984D-CC35-472C-8C79-2C02A1D4AA88}.Release|Any CPU.Build.0 = Release|Any CPU
		{E48CEC5A-889D-416D-ABA5-BAA94FA07943}.Debug|Any CPU.ActiveCfg = Debug|Any CPU
		{E48CEC5A-889D-416D-ABA5-BAA94FA07943}.Debug|Any CPU.Build.0 = Debug|Any CPU
		{E48CEC5A-889D-416D-ABA5-BAA94FA07943}.Release|Any CPU.ActiveCfg = Release|Any CPU
		{E48CEC5A-889D-416D-ABA5-BAA94FA07943}.Release|Any CPU.Build.0 = Release|Any CPU
		{CBC93248-A36C-4A8A-AD26-BE1BE2D156F7}.Debug|Any CPU.ActiveCfg = Debug|Any CPU
		{CBC93248-A36C-4A8A-AD26-BE1BE2D156F7}.Debug|Any CPU.Build.0 = Debug|Any CPU
		{CBC93248-A36C-4A8A-AD26-BE1BE2D156F7}.Release|Any CPU.ActiveCfg = Release|Any CPU
		{CBC93248-A36C-4A8A-AD26-BE1BE2D156F7}.Release|Any CPU.Build.0 = Release|Any CPU
		{EA90B972-11FF-40AE-A1B7-C5D76A028B6B}.Debug|Any CPU.ActiveCfg = Debug|Any CPU
		{EA90B972-11FF-40AE-A1B7-C5D76A028B6B}.Debug|Any CPU.Build.0 = Debug|Any CPU
		{EA90B972-11FF-40AE-A1B7-C5D76A028B6B}.Release|Any CPU.ActiveCfg = Release|Any CPU
		{EA90B972-11FF-40AE-A1B7-C5D76A028B6B}.Release|Any CPU.Build.0 = Release|Any CPU
	EndGlobalSection
	GlobalSection(SolutionProperties) = preSolution
		HideSolutionNode = FALSE
	EndGlobalSection
	GlobalSection(NestedProjects) = preSolution
		{CBB7984D-CC35-472C-8C79-2C02A1D4AA88} = {66BF02FE-675E-48B3-B883-2C336D702744}
		{E48CEC5A-889D-416D-ABA5-BAA94FA07943} = {656D828B-F103-4834-9AB0-47C8F13208C8}
		{CBC93248-A36C-4A8A-AD26-BE1BE2D156F7} = {66BF02FE-675E-48B3-B883-2C336D702744}
		{EA90B972-11FF-40AE-A1B7-C5D76A028B6B} = {B1ACFA8D-3120-404B-B183-5D1327FDC98B}
	EndGlobalSection
	GlobalSection(ExtensibilityGlobals) = postSolution
		SolutionGuid = {E7F45D7F-26EA-48D5-BC66-BA675CB7C39D}
	EndGlobalSection
EndGlobal
